
Microsoft Visual Studio Solution File, Format Version 12.00
# Visual Studio Version 16
VisualStudioVersion = 16.0.33801.447
MinimumVisualStudioVersion = 10.0.40219.1
Project("{FAE04EC0-301F-11D3-BF4B-00C04F79EFBC}") = "nitecare", "nitecare\nitecare.csproj", "{FE738D9E-70B2-41AC-A1F0-79EEC47F953C}"
EndProject
Global
	GlobalSection(SolutionConfigurationPlatforms) = preSolution
		Debug|Any CPU = Debug|Any CPU
		Release|Any CPU = Release|Any CPU
	EndGlobalSection
	GlobalSection(ProjectConfigurationPlatforms) = postSolution
		{FE738D9E-70B2-41AC-A1F0-79EEC47F953C}.Debug|Any CPU.ActiveCfg = Debug|Any CPU
		{FE738D9E-70B2-41AC-A1F0-79EEC47F953C}.Debug|Any CPU.Build.0 = Debug|Any CPU
		{FE738D9E-70B2-41AC-A1F0-79EEC47F953C}.Release|Any CPU.ActiveCfg = Release|Any CPU
		{FE738D9E-70B2-41AC-A1F0-79EEC47F953C}.Release|Any CPU.Build.0 = Release|Any CPU
	EndGlobalSection
	GlobalSection(SolutionProperties) = preSolution
		HideSolutionNode = FALSE
	EndGlobalSection
	GlobalSection(ExtensibilityGlobals) = postSolution
		SolutionGuid = {6D143AB0-149D-4059-ABD6-A75A7CCD39D1}
	EndGlobalSection
EndGlobal
